
Microsoft Visual Studio Solution File, Format Version 11.00
# Visual Studio 2010
Project("{FAE04EC0-301F-11D3-BF4B-00C04F79EFBC}") = "Luban.Runtime", "Luban.Runtime.csproj", "{82253564-8db8-819c-f774-424e1aa39546}"
EndProject
Project("{FAE04EC0-301F-11D3-BF4B-00C04F79EFBC}") = "Assembly-CSharp", "Assembly-CSharp.csproj", "{8303ada9-8822-710d-cb41-5ab5f836900e}"
EndProject
Project("{FAE04EC0-301F-11D3-BF4B-00C04F79EFBC}") = "Assembly-CSharp-firstpass", "Assembly-CSharp-firstpass.csproj", "{e5859942-4b86-8add-f679-8ada36616397}"
EndProject
Project("{FAE04EC0-301F-11D3-BF4B-00C04F79EFBC}") = "Luban.Editor", "Luban.Editor.csproj", "{72999618-c522-3788-2547-93fdcd96d8fc}"
EndProject
Global
	GlobalSection(SolutionConfigurationPlatforms) = preSolution
		Debug|Any CPU = Debug|Any CPU
		Release|Any CPU = Release|Any CPU
	EndGlobalSection
	GlobalSection(ProjectConfigurationPlatforms) = postSolution
		{82253564-8db8-819c-f774-424e1aa39546}.Debug|Any CPU.ActiveCfg = Debug|Any CPU
		{82253564-8db8-819c-f774-424e1aa39546}.Debug|Any CPU.Build.0 = Debug|Any CPU
		{82253564-8db8-819c-f774-424e1aa39546}.Release|Any CPU.ActiveCfg = Release|Any CPU
		{82253564-8db8-819c-f774-424e1aa39546}.Release|Any CPU.Build.0 = Release|Any CPU
		{8303ada9-8822-710d-cb41-5ab5f836900e}.Debug|Any CPU.ActiveCfg = Debug|Any CPU
		{8303ada9-8822-710d-cb41-5ab5f836900e}.Debug|Any CPU.Build.0 = Debug|Any CPU
		{8303ada9-8822-710d-cb41-5ab5f836900e}.Release|Any CPU.ActiveCfg = Release|Any CPU
		{8303ada9-8822-710d-cb41-5ab5f836900e}.Release|Any CPU.Build.0 = Release|Any CPU
		{e5859942-4b86-8add-f679-8ada36616397}.Debug|Any CPU.ActiveCfg = Debug|Any CPU
		{e5859942-4b86-8add-f679-8ada36616397}.Debug|Any CPU.Build.0 = Debug|Any CPU
		{e5859942-4b86-8add-f679-8ada36616397}.Release|Any CPU.ActiveCfg = Release|Any CPU
		{e5859942-4b86-8add-f679-8ada36616397}.Release|Any CPU.Build.0 = Release|Any CPU
		{72999618-c522-3788-2547-93fdcd96d8fc}.Debug|Any CPU.ActiveCfg = Debug|Any CPU
		{72999618-c522-3788-2547-93fdcd96d8fc}.Debug|Any CPU.Build.0 = Debug|Any CPU
		{72999618-c522-3788-2547-93fdcd96d8fc}.Release|Any CPU.ActiveCfg = Release|Any CPU
		{72999618-c522-3788-2547-93fdcd96d8fc}.Release|Any CPU.Build.0 = Release|Any CPU
	EndGlobalSection
	GlobalSection(SolutionProperties) = preSolution
		HideSolutionNode = FALSE
	EndGlobalSection
EndGlobal
